{
  "name": "pi-extensions",
  "lockfileVersion": 3,
  "requires": true,
  "packages": {
    "": {
      "name": "pi-extensions",
      "dependencies": {
        "@ff-labs/pi-fff": "^0.11.0",
        "pi-blackhole": "^0.5.10",
        "pi-extmgr": "^0.3.0",
        "pi-smart-fetch": "^0.3.17",
        "pi-smart-web-search": "^0.4.0",
        "pi-tool-display": "^0.5.0",
        "pi-x-ide": "^1.20.1",
        "pi-zentui": "^0.27.0"
      }
    },
    "node_modules/@earendil-works/pi-tui": {
      "version": "0.82.1",
      "resolved": "https://registry.npmjs.org/@earendil-works/pi-tui/-/pi-tui-0.82.1.tgz",
      "integrity": "sha512-9yN8hALfKaxZq7n54EMxqhFCWnMi6LHkraMJ/1YjHiATq75XrI6XDMVppn9EDtiK7Fks8hUe1SDXUTrIvwRWfQ==",
      "license": "MIT",
      "dependencies": {
        "get-east-asian-width": "1.6.0",
        "marked": "18.0.5"
      },
      "engines": {
        "node": ">=22.19.0"
      }
    },
    "node_modules/@earendil-works/pi-tui/node_modules/get-east-asian-width": {
      "version": "1.6.0",
      "resolved": "https://registry.npmjs.org/get-east-asian-width/-/get-east-asian-width-1.6.0.tgz",
      "integrity": "sha512-QRbvDIbx6YklUe6RxeTeleMR0yv3cYH6PsPZHcnVn7xv7zO1BHN8r0XETu8n6Ye3Q+ahtSarc3WgtNWmehIBfA==",
      "license": "MIT",
      "engines": {
        "node": ">=18"
      },
      "funding": {
        "url": "https://github.com/sponsors/sindresorhus"
      }
    },
    "node_modules/@earendil-works/pi-tui/node_modules/marked": {
      "version": "18.0.5",
      "resolved": "https://registry.npmjs.org/marked/-/marked-18.0.5.tgz",
      "integrity": "sha512-S6GcvALHg6K4ohtu4E7x0a1AqhAjp6cV8KhLSyN9qVapnzJkusVBxZRcIU9AeYsbe6P1hKDusSbEOzGyyuce6w==",
      "license": "MIT",
      "bin": {
        "marked": "bin/marked.js"
      },
      "engines": {
        "node": ">= 20"
      }
    },
    "node_modules/@ff-labs/fff-bin-android-arm64": {
      "version": "0.11.0",
      "resolved": "https://registry.npmjs.org/@ff-labs/fff-bin-android-arm64/-/fff-bin-android-arm64-0.11.0.tgz",
      "integrity": "sha512-7CmURAtJg1xCETKE8d46CUpeql9tpdsdbyoNCrNRkH+t608jMy+mLQxmyw7cBDOI0ljg5BaffxGZfOS2E6kasA==",
      "cpu": [
        "arm64"
      ],
      "license": "MIT",
      "optional": true,
      "os": [
        "android"
      ]
    },
    "node_modules/@ff-labs/fff-bin-darwin-arm64": {
      "version": "0.11.0",
      "resolved": "https://registry.npmjs.org/@ff-labs/fff-bin-darwin-arm64/-/fff-bin-darwin-arm64-0.11.0.tgz",
      "integrity": "sha512-C2VLBldxqNhTMtp1/NXULdEWpqfUKugP9E8BOMUDPw5qZH/YGC0tZQmeOlQUYOSScFQOiXZLJGXJMp3Uk+FGxg==",
      "cpu": [
        "arm64"
      ],
      "license": "MIT",
      "optional": true,
      "os": [
        "darwin"
      ]
    },
    "node_modules/@ff-labs/fff-bin-darwin-x64": {
      "version": "0.11.0",
      "resolved": "https://registry.npmjs.org/@ff-labs/fff-bin-darwin-x64/-/fff-bin-darwin-x64-0.11.0.tgz",
      "integrity": "sha512-DOnG46YoSOR8SxNVMMe+xhPS2JjFUigMS2r0M4oCGfHDaWVY2mnYK/g1YxrAeJS3cRGO5N8Aj4RP1zq5Z2f6jQ==",
      "cpu": [
        "x64"
      ],
      "license": "MIT",
      "optional": true,
      "os": [
        "darwin"
      ]
    },
    "node_modules/@ff-labs/fff-bin-linux-arm64-gnu": {
      "version": "0.11.0",
      "resolved": "https://registry.npmjs.org/@ff-labs/fff-bin-linux-arm64-gnu/-/fff-bin-linux-arm64-gnu-0.11.0.tgz",
      "integrity": "sha512-wOTyNzovqN1+Kg3kPqfKqZ2+A262Um4bHrEIeAwKU9R7YoyMXI9oo6DTbEl2ullF3G01FaBt/PPHOZYi1q8ubw==",
      "cpu": [
        "arm64"
      ],
      "libc": [
        "glibc"
      ],
      "license": "MIT",
      "optional": true,
      "os": [
        "linux"
      ]
    },
    "node_modules/@ff-labs/fff-bin-linux-arm64-musl": {
      "version": "0.11.0",
      "resolved": "https://registry.npmjs.org/@ff-labs/fff-bin-linux-arm64-musl/-/fff-bin-linux-arm64-musl-0.11.0.tgz",
      "integrity": "sha512-dtVOgT/mKN4VTqOh4i3AWjc3Kd9uDX9xz9YsiPs33lNXpEi/x68qynuaqb7JM7x/eD/nYrsJRsb5ivtH1D6nrQ==",
      "cpu": [
        "arm64"
      ],
      "libc": [
        "musl"
      ],
      "license": "MIT",
      "optional": true,
      "os": [
        "linux"
      ]
    },
    "node_modules/@ff-labs/fff-bin-linux-x64-gnu": {
      "version": "0.11.0",
      "resolved": "https://registry.npmjs.org/@ff-labs/fff-bin-linux-x64-gnu/-/fff-bin-linux-x64-gnu-0.11.0.tgz",
      "integrity": "sha512-MJ1AJz9c5kxdTiIhmlEwA+hw57vBDoa+VQSr4F+1inaEiFDtem7EnXE1P8Bdhf4okGM557mCXgRrvCt4kM5pSg==",
      "cpu": [
        "x64"
      ],
      "libc": [
        "glibc"
      ],
      "license": "MIT",
      "optional": true,
      "os": [
        "linux"
      ]
    },
    "node_modules/@ff-labs/fff-bin-linux-x64-musl": {
      "version": "0.11.0",
      "resolved": "https://registry.npmjs.org/@ff-labs/fff-bin-linux-x64-musl/-/fff-bin-linux-x64-musl-0.11.0.tgz",
      "integrity": "sha512-UjqEBtZphjH6MTK18kTlA+5ccUAu3PBATerAKh9otEWbLCwqpFV0ke8LON2+UavaO5+VhBUCk7Zi97AOQhn/9Q==",
      "cpu": [
        "x64"
      ],
      "libc": [
        "musl"
      ],
      "license": "MIT",
      "optional": true,
      "os": [
        "linux"
      ]
    },
    "node_modules/@ff-labs/fff-bin-win32-arm64": {
      "version": "0.11.0",
      "resolved": "https://registry.npmjs.org/@ff-labs/fff-bin-win32-arm64/-/fff-bin-win32-arm64-0.11.0.tgz",
      "integrity": "sha512-IF54PgYYi+AsCGseNG5kYpMqkwTmp/9bB8zvndp6tXZp4xLQ4G6x/NgHgM4vyK85Sv3FWr6Sf4OZQhP4mSSipA==",
      "cpu": [
        "arm64"
      ],
      "license": "MIT",
      "optional": true,
      "os": [
        "win32"
      ]
    },
    "node_modules/@ff-labs/fff-bin-win32-x64": {
      "version": "0.11.0",
      "resolved": "https://registry.npmjs.org/@ff-labs/fff-bin-win32-x64/-/fff-bin-win32-x64-0.11.0.tgz",
      "integrity": "sha512-NFnFcueeRZ+QHvBg/k3KhduH20zFRCGqPHqjslk/3H0CHOMyP5AMTbscNwn5TZUhMutIRCfFzVI7mm+oU8jvCQ==",
      "cpu": [
        "x64"
      ],
      "license": "MIT",
      "optional": true,
      "os": [
        "win32"
      ]
    },
    "node_modules/@ff-labs/fff-bun": {
      "version": "0.11.0",
      "resolved": "https://registry.npmjs.org/@ff-labs/fff-bun/-/fff-bun-0.11.0.tgz",
      "integrity": "sha512-IWN7pKGcYYX/g0KxZkPp2fuLrLydbKstnFswb1RfRxr0lXaw7WBchefMKUFvpfbxCWOAi3sUXHIlbfDA/Vpo4Q==",
      "cpu": [
        "x64",
        "arm64"
      ],
      "license": "MIT",
      "os": [
        "darwin",
        "linux",
        "win32",
        "android"
      ],
      "engines": {
        "bun": ">=1.0.0"
      },
      "optionalDependencies": {
        "@ff-labs/fff-bin-android-arm64": "0.11.0",
        "@ff-labs/fff-bin-darwin-arm64": "0.11.0",
        "@ff-labs/fff-bin-darwin-x64": "0.11.0",
        "@ff-labs/fff-bin-linux-arm64-gnu": "0.11.0",
        "@ff-labs/fff-bin-linux-arm64-musl": "0.11.0",
        "@ff-labs/fff-bin-linux-x64-gnu": "0.11.0",
        "@ff-labs/fff-bin-linux-x64-musl": "0.11.0",
        "@ff-labs/fff-bin-win32-arm64": "0.11.0",
        "@ff-labs/fff-bin-win32-x64": "0.11.0"
      }
    },
    "node_modules/@ff-labs/fff-node": {
      "version": "0.11.0",
      "resolved": "https://registry.npmjs.org/@ff-labs/fff-node/-/fff-node-0.11.0.tgz",
      "integrity": "sha512-/7fX4kgy28pFZghxuXCAcIPQKb2+VqVirpFcDqMKgrFLTz56tVzHjOkFSdKGq7fa6wRb6eS5Dg9SaX1qyCcKxQ==",
      "cpu": [
        "x64",
        "arm64"
      ],
      "license": "MIT",
      "os": [
        "darwin",
        "linux",
        "win32",
        "android"
      ],
      "dependencies": {
        "ffi-rs": "^1.0.0"
      },
      "engines": {
        "node": ">=18.0.0"
      },
      "optionalDependencies": {
        "@ff-labs/fff-bin-android-arm64": "0.11.0",
        "@ff-labs/fff-bin-darwin-arm64": "0.11.0",
        "@ff-labs/fff-bin-darwin-x64": "0.11.0",
        "@ff-labs/fff-bin-linux-arm64-gnu": "0.11.0",
        "@ff-labs/fff-bin-linux-arm64-musl": "0.11.0",
        "@ff-labs/fff-bin-linux-x64-gnu": "0.11.0",
        "@ff-labs/fff-bin-linux-x64-musl": "0.11.0",
        "@ff-labs/fff-bin-win32-arm64": "0.11.0",
        "@ff-labs/fff-bin-win32-x64": "0.11.0"
      }
    },
    "node_modules/@ff-labs/fff-node/node_modules/@yuuang/ffi-rs-win32-ia32-msvc": {
      "version": "1.3.7",
      "resolved": "https://registry.npmjs.org/@yuuang/ffi-rs-win32-ia32-msvc/-/ffi-rs-win32-ia32-msvc-1.3.7.tgz",
      "integrity": "sha512-ifYz+f+giKpT39lKWDru+om6QnA9J7J953ns60xHgB46ESZvPd/Y2W5+PesRNC9U+vnFEiLZ9CNC+R3fBWC1pg==",
      "cpu": [
        "x64",
        "ia32"
      ],
      "license": "MIT",
      "optional": true,
      "os": [
        "win32"
      ],
      "engines": {
        "node": ">= 12"
      }
    },
    "node_modules/@ff-labs/fff-node/node_modules/@yuuang/ffi-rs-win32-x64-msvc": {
      "version": "1.3.7",
      "resolved": "https://registry.npmjs.org/@yuuang/ffi-rs-win32-x64-msvc/-/ffi-rs-win32-x64-msvc-1.3.7.tgz",
      "integrity": "sha512-H3s4wOLtZtKtmuPjUNE+bhnSKxxpXcuxG70jRC8dUMHqIm5iCvdoZ4XYDeq7/uUYlySerXFmRL4dAVCX/TUNTg==",
      "cpu": [
        "x64"
      ],
      "license": "MIT",
      "optional": true,
      "os": [
        "win32"
      ],
      "engines": {
        "node": ">= 12"
      }
    },
    "node_modules/@ff-labs/fff-node/node_modules/ffi-rs": {
      "version": "1.3.7",
      "resolved": "https://registry.npmjs.org/ffi-rs/-/ffi-rs-1.3.7.tgz",
      "integrity": "sha512-5MMZQS2t/6f/ec3sx0f51gBcKGZPGfolPAW04lvLOSYnr7gmOKs8YzH1Rh+34WGO+VtcgcTuxaUUoJLcR4Tirg==",
      "license": "MIT",
      "optionalDependencies": {
        "@yuuang/ffi-rs-android-arm64": "1.3.7",
        "@yuuang/ffi-rs-darwin-arm64": "1.3.7",
        "@yuuang/ffi-rs-darwin-x64": "1.3.7",
        "@yuuang/ffi-rs-linux-arm-gnueabihf": "1.3.7",
        "@yuuang/ffi-rs-linux-arm64-gnu": "1.3.7",
        "@yuuang/ffi-rs-linux-arm64-musl": "1.3.7",
        "@yuuang/ffi-rs-linux-x64-gnu": "1.3.7",
        "@yuuang/ffi-rs-linux-x64-musl": "1.3.7",
        "@yuuang/ffi-rs-win32-arm64-msvc": "1.3.7",
        "@yuuang/ffi-rs-win32-ia32-msvc": "1.3.7",
        "@yuuang/ffi-rs-win32-x64-msvc": "1.3.7"
      }
    },
    "node_modules/@ff-labs/pi-fff": {
      "version": "0.11.0",
      "resolved": "https://registry.npmjs.org/@ff-labs/pi-fff/-/pi-fff-0.11.0.tgz",
      "integrity": "sha512-RNYBSnmRaGxYF9/R5KO4Uq0q1Prtbe6CmltK7i3efD0+JEwR2h69sL+p6UIXNDrVANSXEWM8ehagQefbskoGwg==",
      "license": "MIT",
      "dependencies": {
        "@ff-labs/fff-bun": "0.11.0",
        "@ff-labs/fff-node": "0.11.0"
      },
      "peerDependencies": {
        "@earendil-works/pi-coding-agent": "*",
        "@earendil-works/pi-tui": "*",
        "@sinclair/typebox": "*"
      }
    },
    "node_modules/@sinclair/typebox": {
      "version": "0.34.52",
      "resolved": "https://registry.npmjs.org/@sinclair/typebox/-/typebox-0.34.52.tgz",
      "integrity": "sha512-XiMQh7qqVlxZzcVD+kkGMNGMzcTrDMLWI7S4x7z1MkCkbDPrekpZXEUK0eZqZFMuHQg2a2DZOcDIh9o5v3Gonw==",
      "license": "MIT"
    },
    "node_modules/@yuuang/ffi-rs-android-arm64": {
      "version": "1.3.7",
      "resolved": "https://registry.npmjs.org/@yuuang/ffi-rs-android-arm64/-/ffi-rs-android-arm64-1.3.7.tgz",
      "integrity": "sha512-t6Wx3Xll6c07Nuk0k3xnZsxKFxlshm92i0U/BiTHc6kQbvu+fMJF+gKsj4yEj886jH51CM3EqZT9Xdhq9CdUVw==",
      "cpu": [
        "arm64"
      ],
      "license": "MIT",
      "optional": true,
      "os": [
        "android"
      ],
      "engines": {
        "node": ">= 12"
      }
    },
    "node_modules/@yuuang/ffi-rs-darwin-arm64": {
      "version": "1.3.7",
      "resolved": "https://registry.npmjs.org/@yuuang/ffi-rs-darwin-arm64/-/ffi-rs-darwin-arm64-1.3.7.tgz",
      "integrity": "sha512-OueBlUFBT9IwD9pQnoYs0UszRBEySskfrEPXXfvKfGjL/DXnfn6kUheQ3oIP6sSmshVGNQUwrTCPo6feAa4QjA==",
      "cpu": [
        "arm64"
      ],
      "license": "MIT",
      "optional": true,
      "os": [
        "darwin"
      ],
      "engines": {
        "node": ">= 12"
      }
    },
    "node_modules/@yuuang/ffi-rs-darwin-x64": {
      "version": "1.3.7",
      "resolved": "https://registry.npmjs.org/@yuuang/ffi-rs-darwin-x64/-/ffi-rs-darwin-x64-1.3.7.tgz",
      "integrity": "sha512-x4mxXOKwSgwYx6OBAKrW+Ocp8um2KoPpUwaD0Z2tmR6EekoRvFGN7s/eEK1avqCxcsLN7/MzGOnCCFyGpOVfPA==",
      "cpu": [
        "x64"
      ],
      "license": "MIT",
      "optional": true,
      "os": [
        "darwin"
      ],
      "engines": {
        "node": ">= 12"
      }
    },
    "node_modules/@yuuang/ffi-rs-linux-arm-gnueabihf": {
      "version": "1.3.7",
      "resolved": "https://registry.npmjs.org/@yuuang/ffi-rs-linux-arm-gnueabihf/-/ffi-rs-linux-arm-gnueabihf-1.3.7.tgz",
      "integrity": "sha512-9r//Z022QYVoIAY458Dpk8HWkisk/y4NJC3d52RlkdsLD+9p0zn0cKKSoMF/xUsOWDFSmOf+cwU/Xadi/wxFMQ==",
      "cpu": [
        "arm"
      ],
      "license": "MIT",
      "optional": true,
      "os": [
        "linux"
      ],
      "engines": {
        "node": ">= 12"
      }
    },
    "node_modules/@yuuang/ffi-rs-linux-arm64-gnu": {
      "version": "1.3.7",
      "resolved": "https://registry.npmjs.org/@yuuang/ffi-rs-linux-arm64-gnu/-/ffi-rs-linux-arm64-gnu-1.3.7.tgz",
      "integrity": "sha512-nrW4MlFlyQInfxTsI5wtcIpbV4KlHLWo2BCk4CHIETlUT+PUspNFqDg+Byy7My3hpCZlXp0WsMVP/3N0LlybNw==",
      "cpu": [
        "arm64"
      ],
      "libc": [
        "glibc"
      ],
      "license": "MIT",
      "optional": true,
      "os": [
        "linux"
      ],
      "engines": {
        "node": ">= 12"
      }
    },
    "node_modules/@yuuang/ffi-rs-linux-arm64-musl": {
      "version": "1.3.7",
      "resolved": "https://registry.npmjs.org/@yuuang/ffi-rs-linux-arm64-musl/-/ffi-rs-linux-arm64-musl-1.3.7.tgz",
      "integrity": "sha512-eLLx4P8DzNnuPif19nAvKPaf88lSf6KFbDetH3nAIRZvI495h0jigN835Ayr7uAADssohGfO9MPMH33DXmFErA==",
      "cpu": [
        "arm64"
      ],
      "libc": [
        "musl"
      ],
      "license": "MIT",
      "optional": true,
      "os": [
        "linux"
      ],
      "engines": {
        "node": ">= 12"
      }
    },
    "node_modules/@yuuang/ffi-rs-linux-x64-gnu": {
      "version": "1.3.7",
      "resolved": "https://registry.npmjs.org/@yuuang/ffi-rs-linux-x64-gnu/-/ffi-rs-linux-x64-gnu-1.3.7.tgz",
      "integrity": "sha512-upEz1Q98T51x2In872fsjgHCJbE3e8r9JxhJD+5NvSMk6BpieYWRodTbsMxV6oKWmfl12loKwF2j4OBSWKl0lA==",
      "cpu": [
        "x64"
      ],
      "libc": [
        "glibc"
      ],
      "license": "MIT",
      "optional": true,
      "os": [
        "linux"
      ],
      "engines": {
        "node": ">= 12"
      }
    },
    "node_modules/@yuuang/ffi-rs-linux-x64-musl": {
      "version": "1.3.7",
      "resolved": "https://registry.npmjs.org/@yuuang/ffi-rs-linux-x64-musl/-/ffi-rs-linux-x64-musl-1.3.7.tgz",
      "integrity": "sha512-YOcOkIwVvIhpwuGJ428h15vpE0KnT3teFG0g2J31FrBxrVh9IH4HeTGXjelI3l9SI5gyiZDnD4PQnQ1U6oqTcA==",
      "cpu": [
        "x64"
      ],
      "libc": [
        "musl"
      ],
      "license": "MIT",
      "optional": true,
      "os": [
        "linux"
      ],
      "engines": {
        "node": ">= 12"
      }
    },
    "node_modules/@yuuang/ffi-rs-win32-arm64-msvc": {
      "version": "1.3.7",
      "resolved": "https://registry.npmjs.org/@yuuang/ffi-rs-win32-arm64-msvc/-/ffi-rs-win32-arm64-msvc-1.3.7.tgz",
      "integrity": "sha512-ZfYzLV1w7Mhzh9XRScEMpw9oazIEiwO+0+TYHHRL882d5oD0Q99YikmRhdifsoHCCQefKmWF/4BXCeFkzg8NFA==",
      "cpu": [
        "arm64"
      ],
      "license": "MIT",
      "optional": true,
      "os": [
        "win32"
      ],
      "engines": {
        "node": ">= 12"
      }
    },
    "node_modules/defuddle": {
      "version": "0.19.4",
      "resolved": "https://registry.npmjs.org/defuddle/-/defuddle-0.19.4.tgz",
      "integrity": "sha512-Jz98aWlyEeuWcg9u2AavCEKknviI9GijMkrGFPk0wi1Lkfr1DDDw6XM+ak44Ol8kBDmDJsvU9Su2eUY09Fvh3Q==",
      "license": "MIT",
      "dependencies": {
        "commander": "^12.1.0",
        "mathml-to-latex": "^1.8.0"
      },
      "bin": {
        "defuddle": "dist/cli.js"
      },
      "optionalDependencies": {
        "linkedom": "^0.18.12",
        "temml": "^0.13.3",
        "turndown": "^7.2.0"
      }
    },
    "node_modules/defuddle/node_modules/@mixmark-io/domino": {
      "version": "2.2.0",
      "resolved": "https://registry.npmjs.org/@mixmark-io/domino/-/domino-2.2.0.tgz",
      "integrity": "sha512-Y28PR25bHXUg88kCV7nivXrP2Nj2RueZ3/l/jdx6J9f8J4nsEGcgX0Qe6lt7Pa+J79+kPiJU3LguR6O/6zrLOw==",
      "license": "BSD-2-Clause",
      "optional": true
    },
    "node_modules/defuddle/node_modules/@xmldom/xmldom": {
      "version": "0.9.12",
      "resolved": "https://registry.npmjs.org/@xmldom/xmldom/-/xmldom-0.9.12.tgz",
      "integrity": "sha512-5AXjrcMClTryPe9LgZrygpB1lj7s0S9E0+W+AHaVKAVyHanafK86iPSvG5xHVSp/jC+VH1UXu0TAEmY279xH7A==",
      "license": "MIT",
      "engines": {
        "node": ">=14.6"
      }
    },
    "node_modules/defuddle/node_modules/commander": {
      "version": "12.1.0",
      "resolved": "https://registry.npmjs.org/commander/-/commander-12.1.0.tgz",
      "integrity": "sha512-Vw8qHK3bZM9y/P10u3Vib8o/DdkvA2OtPtZvD871QKjy74Wj1WSKFILMPRPSdUSx5RFK1arlJzEtA4PkFgnbuA==",
      "license": "MIT",
      "engines": {
        "node": ">=18"
      }
    },
    "node_modules/defuddle/node_modules/mathml-to-latex": {
      "version": "1.8.0",
      "resolved": "https://registry.npmjs.org/mathml-to-latex/-/mathml-to-latex-1.8.0.tgz",
      "integrity": "sha512-gQ0uK3zqB8HwlfaXJkEL5rgaZNbKUiBMmBP/B/W+b+t6KcseLSuYb1b0BjLgS9ZiQa24ePkqTX8/6FaQuDL7wQ==",
      "license": "MIT",
      "dependencies": {
        "@xmldom/xmldom": "^0.9.10"
      }
    },
    "node_modules/defuddle/node_modules/temml": {
      "version": "0.13.5",
      "resolved": "https://registry.npmjs.org/temml/-/temml-0.13.5.tgz",
      "integrity": "sha512-aPkDDgunanpLNL0ql32HbolqLep+w8DRcVXRql7rWrMt/PhczdLgL4UBYYVU3BYjCNjkGq4EqwIicu/zWr1iOg==",
      "license": "MIT",
      "optional": true,
      "engines": {
        "node": ">=18.13.0"
      }
    },
    "node_modules/defuddle/node_modules/turndown": {
      "version": "7.2.4",
      "resolved": "https://registry.npmjs.org/turndown/-/turndown-7.2.4.tgz",
      "integrity": "sha512-I8yFsfRzmzK0WV1pNNOA4A7y4RDfFxPRxb3t+e3ui14qSGOxGtiSP6GjeX+Y6CHb7HYaFj7ECUD7VE5kQMZWGQ==",
      "license": "MIT",
      "optional": true,
      "dependencies": {
        "@mixmark-io/domino": "^2.2.0"
      },
      "engines": {
        "node": ">=18",
        "npm": ">=9"
      }
    },
    "node_modules/dom-serializer": {
      "version": "3.1.1",
      "resolved": "https://registry.npmjs.org/dom-serializer/-/dom-serializer-3.1.1.tgz",
      "integrity": "sha512-4MEa38/QexBob6gFNwu+EGdWvhJ1OKuNwdYY3Y3NyeWDQfnGeDYQUDfIRzWu5B5gsv03so2Uxd28YC6zrsx3Lw==",
      "license": "MIT",
      "dependencies": {
        "domelementtype": "^3.0.0",
        "domhandler": "^6.0.0",
        "entities": "^8.0.0"
      },
      "engines": {
        "node": ">=20.19.0"
      },
      "funding": {
        "type": "github",
        "url": "https://github.com/cheeriojs/dom-serializer?sponsor=1"
      }
    },
    "node_modules/domelementtype": {
      "version": "3.0.0",
      "resolved": "https://registry.npmjs.org/domelementtype/-/domelementtype-3.0.0.tgz",
      "integrity": "sha512-umCQid3jKbDmVjx8jGaW7uUykm4DEUeyV21hPxNMo2nV955DhUThwqyOIDtreepP31hl84X7G5U9ZfsWvIB3Pg==",
      "funding": [
        {
          "type": "github",
          "url": "https://github.com/sponsors/fb55"
        }
      ],
      "license": "BSD-2-Clause",
      "engines": {
        "node": ">=20.19.0"
      }
    },
    "node_modules/domhandler": {
      "version": "6.0.1",
      "resolved": "https://registry.npmjs.org/domhandler/-/domhandler-6.0.1.tgz",
      "integrity": "sha512-gYzvtM72ZtxQO0T048kd6HWSbbGCNOUwcnfQ01cqIJ4X2IYKFFHZ5mKvrQETcFXxsRObZulDaKmy//R7TPtsBg==",
      "license": "BSD-2-Clause",
      "dependencies": {
        "domelementtype": "^3.0.0"
      },
      "engines": {
        "node": ">=20.19.0"
      },
      "funding": {
        "type": "github",
        "url": "https://github.com/fb55/domhandler?sponsor=1"
      }
    },
    "node_modules/domutils": {
      "version": "4.0.2",
      "resolved": "https://registry.npmjs.org/domutils/-/domutils-4.0.2.tgz",
      "integrity": "sha512-qI4JLRKnSzqFqr7hAlS5xQDusBCjKSEG4t4+7aNrIQMHBcsC2TGEhuyABJdYkgSewL57PNLYEiibY2iPKhKpaA==",
      "license": "BSD-2-Clause",
      "dependencies": {
        "dom-serializer": "^3.0.0",
        "domelementtype": "^3.0.0",
        "domhandler": "^6.0.0"
      },
      "engines": {
        "node": ">=20.19.0"
      },
      "funding": {
        "type": "github",
        "url": "https://github.com/fb55/domutils?sponsor=1"
      }
    },
    "node_modules/effect": {
      "version": "3.22.2",
      "resolved": "https://registry.npmjs.org/effect/-/effect-3.22.2.tgz",
      "integrity": "sha512-fm1CQXCs7GTMwpadZxwU5rnAb2bN6mbQpknq/pXBGCzSKkosNYb9k0wsoL0TfB10rSa5xOEZJjo77u/KLXSANg==",
      "license": "MIT",
      "dependencies": {
        "@standard-schema/spec": "^1.0.0",
        "fast-check": "^3.23.1"
      }
    },
    "node_modules/effect/node_modules/@standard-schema/spec": {
      "version": "1.1.0",
      "resolved": "https://registry.npmjs.org/@standard-schema/spec/-/spec-1.1.0.tgz",
      "integrity": "sha512-l2aFy5jALhniG5HgqrD6jXLi/rUWrKvqN/qJx6yoJsgKhblVd+iqqU4RCXavm/jPityDo5TCvKMnpjKnOriy0w==",
      "license": "MIT"
    },
    "node_modules/effect/node_modules/fast-check": {
      "version": "3.23.2",
      "resolved": "https://registry.npmjs.org/fast-check/-/fast-check-3.23.2.tgz",
      "integrity": "sha512-h5+1OzzfCC3Ef7VbtKdcv7zsstUQwUDlYpUTvjeUsJAssPgLn7QzbboPtL5ro04Mq0rPOsMzl7q5hIbRs2wD1A==",
      "funding": [
        {
          "type": "individual",
          "url": "https://github.com/sponsors/dubzzz"
        },
        {
          "type": "opencollective",
          "url": "https://opencollective.com/fast-check"
        }
      ],
      "license": "MIT",
      "dependencies": {
        "pure-rand": "^6.1.0"
      },
      "engines": {
        "node": ">=8.0.0"
      }
    },
    "node_modules/effect/node_modules/pure-rand": {
      "version": "6.1.0",
      "resolved": "https://registry.npmjs.org/pure-rand/-/pure-rand-6.1.0.tgz",
      "integrity": "sha512-bVWawvoZoBYpp6yIoQtQXHZjmz35RSVHnUOTefl8Vcjr8snTPY1wnpSPMWekcFwbxI6gtmT7rSYPFvz71ldiOA==",
      "funding": [
        {
          "type": "individual",
          "url": "https://github.com/sponsors/dubzzz"
        },
        {
          "type": "opencollective",
          "url": "https://opencollective.com/fast-check"
        }
      ],
      "license": "MIT"
    },
    "node_modules/entities": {
      "version": "8.1.0",
      "resolved": "https://registry.npmjs.org/entities/-/entities-8.1.0.tgz",
      "integrity": "sha512-kxL7msIffSuh9aaFAMD7rxAIuTRMAHMeBtgHW2yUdWw732ZNh4MehkF2gdjvtdmikkaIP9bFDDJOPlsvm7avrA==",
      "license": "BSD-2-Clause",
      "engines": {
        "node": ">=20.19.0"
      },
      "funding": {
        "url": "https://github.com/fb55/entities?sponsor=1"
      }
    },
    "node_modules/linkedom": {
      "version": "0.18.13",
      "resolved": "https://registry.npmjs.org/linkedom/-/linkedom-0.18.13.tgz",
      "integrity": "sha512-ES/o9qotMpzpN2MHs+Iq/JcVoOj8Fa5wiQYrTdFpvAnwXL0g66XHHUc9WUMk6nAlBtGsFQ24ne+SYnvnaQ2FSw==",
      "license": "ISC",
      "dependencies": {
        "css-select": "^7.0.0",
        "cssom": "^0.5.0",
        "html-escaper": "^3.0.3",
        "htmlparser2": "^10.1.0",
        "uhyphen": "^0.2.0"
      },
      "engines": {
        "node": ">=16"
      },
      "peerDependencies": {
        "canvas": ">= 2"
      },
      "peerDependenciesMeta": {
        "canvas": {
          "optional": true
        }
      }
    },
    "node_modules/linkedom/node_modules/boolbase": {
      "version": "2.0.0",
      "resolved": "https://registry.npmjs.org/boolbase/-/boolbase-2.0.0.tgz",
      "integrity": "sha512-DkVaaQHymRhpYEYo9x1oo7Q7B0Y6KJUsjm3c9eTyFDby4MHLBTwZ6ZDWBel5zrYxj1WsZgC5oLpiz+93MluXeA==",
      "license": "ISC",
      "engines": {
        "node": ">=20.19.0"
      },
      "funding": {
        "type": "github",
        "url": "https://github.com/sponsors/fb55"
      }
    },
    "node_modules/linkedom/node_modules/css-select": {
      "version": "7.0.0",
      "resolved": "https://registry.npmjs.org/css-select/-/css-select-7.0.0.tgz",
      "integrity": "sha512-snmjEVXy+1LnwXdxhYvTMj1d9tOh4HxkA1YmoayVBeeyR2C14Pum7fcxJIm4SswYspVy866eYNwlH6xC3/VH5g==",
      "license": "BSD-2-Clause",
      "dependencies": {
        "boolbase": "^2.0.0",
        "css-what": "^8.0.0",
        "domhandler": "^6.0.1",
        "domutils": "^4.0.2",
        "nth-check": "^3.0.1"
      },
      "engines": {
        "node": ">=20.19.0"
      },
      "funding": {
        "type": "github",
        "url": "https://github.com/sponsors/fb55"
      }
    },
    "node_modules/linkedom/node_modules/css-what": {
      "version": "8.0.0",
      "resolved": "https://registry.npmjs.org/css-what/-/css-what-8.0.0.tgz",
      "integrity": "sha512-DH0Bqq3DNp5tdOReuNyAA+Ev4Y2GS5FMbZpeTLP6C4CDi0h5nL0BmUPChXw3o/qbHLDWHl49sbNqQVY7bMSDdw==",
      "license": "BSD-2-Clause",
      "engines": {
        "node": ">=20.19.0"
      },
      "funding": {
        "type": "github",
        "url": "https://github.com/sponsors/fb55"
      }
    },
    "node_modules/linkedom/node_modules/cssom": {
      "version": "0.5.0",
      "resolved": "https://registry.npmjs.org/cssom/-/cssom-0.5.0.tgz",
      "integrity": "sha512-iKuQcq+NdHqlAcwUY0o/HL69XQrUaQdMjmStJ8JFmUaiiQErlhrmuigkg/CU4E2J0IyUKUrMAgl36TvN67MqTw==",
      "license": "MIT"
    },
    "node_modules/linkedom/node_modules/dom-serializer": {
      "version": "2.0.0",
      "resolved": "https://registry.npmjs.org/dom-serializer/-/dom-serializer-2.0.0.tgz",
      "integrity": "sha512-wIkAryiqt/nV5EQKqQpo3SToSOV9J0DnbJqwK7Wv/Trc92zIAYZ4FlMu+JPFW1DfGFt81ZTCGgDEabffXeLyJg==",
      "license": "MIT",
      "dependencies": {
        "domelementtype": "^2.3.0",
        "domhandler": "^5.0.2",
        "entities": "^4.2.0"
      },
      "funding": {
        "url": "https://github.com/cheeriojs/dom-serializer?sponsor=1"
      }
    },
    "node_modules/linkedom/node_modules/dom-serializer/node_modules/domhandler": {
      "version": "5.0.3",
      "resolved": "https://registry.npmjs.org/domhandler/-/domhandler-5.0.3.tgz",
      "integrity": "sha512-cgwlv/1iFQiFnU96XXgROh8xTeetsnJiDsTc7TYCLFd9+/WNkIqPTxiM/8pSd8VIrhXGTf1Ny1q1hquVqDJB5w==",
      "license": "BSD-2-Clause",
      "dependencies": {
        "domelementtype": "^2.3.0"
      },
      "engines": {
        "node": ">= 4"
      },
      "funding": {
        "url": "https://github.com/fb55/domhandler?sponsor=1"
      }
    },
    "node_modules/linkedom/node_modules/dom-serializer/node_modules/entities": {
      "version": "4.5.0",
      "resolved": "https://registry.npmjs.org/entities/-/entities-4.5.0.tgz",
      "integrity": "sha512-V0hjH4dGPh9Ao5p0MoRY6BVqtwCjhz6vI5LT8AJ55H+4g9/4vbHx1I54fS0XuclLhDHArPQCiMjDxjaL8fPxhw==",
      "license": "BSD-2-Clause",
      "engines": {
        "node": ">=0.12"
      },
      "funding": {
        "url": "https://github.com/fb55/entities?sponsor=1"
      }
    },
    "node_modules/linkedom/node_modules/domelementtype": {
      "version": "2.3.0",
      "resolved": "https://registry.npmjs.org/domelementtype/-/domelementtype-2.3.0.tgz",
      "integrity": "sha512-OLETBj6w0OsagBwdXnPdN0cnMfF9opN69co+7ZrbfPGrdpPVNBUj02spi6B1N7wChLQiPn4CSH/zJvXw56gmHw==",
      "funding": [
        {
          "type": "github",
          "url": "https://github.com/sponsors/fb55"
        }
      ],
      "license": "BSD-2-Clause"
    },
    "node_modules/linkedom/node_modules/entities": {
      "version": "7.0.1",
      "resolved": "https://registry.npmjs.org/entities/-/entities-7.0.1.tgz",
      "integrity": "sha512-TWrgLOFUQTH994YUyl1yT4uyavY5nNB5muff+RtWaqNVCAK408b5ZnnbNAUEWLTCpum9w6arT70i1XdQ4UeOPA==",
      "license": "BSD-2-Clause",
      "engines": {
        "node": ">=0.12"
      },
      "funding": {
        "url": "https://github.com/fb55/entities?sponsor=1"
      }
    },
    "node_modules/linkedom/node_modules/html-escaper": {
      "version": "3.0.3",
      "resolved": "https://registry.npmjs.org/html-escaper/-/html-escaper-3.0.3.tgz",
      "integrity": "sha512-RuMffC89BOWQoY0WKGpIhn5gX3iI54O6nRA0yC124NYVtzjmFWBIiFd8M0x+ZdX0P9R4lADg1mgP8C7PxGOWuQ==",
      "license": "MIT"
    },
    "node_modules/linkedom/node_modules/htmlparser2": {
      "version": "10.1.0",
      "resolved": "https://registry.npmjs.org/htmlparser2/-/htmlparser2-10.1.0.tgz",
      "integrity": "sha512-VTZkM9GWRAtEpveh7MSF6SjjrpNVNNVJfFup7xTY3UpFtm67foy9HDVXneLtFVt4pMz5kZtgNcvCniNFb1hlEQ==",
      "funding": [
        "https://github.com/fb55/htmlparser2?sponsor=1",
        {
          "type": "github",
          "url": "https://github.com/sponsors/fb55"
        }
      ],
      "license": "MIT",
      "dependencies": {
        "domelementtype": "^2.3.0",
        "domhandler": "^5.0.3",
        "domutils": "^3.2.2",
        "entities": "^7.0.1"
      }
    },
    "node_modules/linkedom/node_modules/htmlparser2/node_modules/domhandler": {
      "version": "5.0.3",
      "resolved": "https://registry.npmjs.org/domhandler/-/domhandler-5.0.3.tgz",
      "integrity": "sha512-cgwlv/1iFQiFnU96XXgROh8xTeetsnJiDsTc7TYCLFd9+/WNkIqPTxiM/8pSd8VIrhXGTf1Ny1q1hquVqDJB5w==",
      "license": "BSD-2-Clause",
      "dependencies": {
        "domelementtype": "^2.3.0"
      },
      "engines": {
        "node": ">= 4"
      },
      "funding": {
        "url": "https://github.com/fb55/domhandler?sponsor=1"
      }
    },
    "node_modules/linkedom/node_modules/htmlparser2/node_modules/domutils": {
      "version": "3.2.2",
      "resolved": "https://registry.npmjs.org/domutils/-/domutils-3.2.2.tgz",
      "integrity": "sha512-6kZKyUajlDuqlHKVX1w7gyslj9MPIXzIFiz/rGu35uC1wMi+kMhQwGhl4lt9unC9Vb9INnY9Z3/ZA3+FhASLaw==",
      "license": "BSD-2-Clause",
      "dependencies": {
        "dom-serializer": "^2.0.0",
        "domelementtype": "^2.3.0",
        "domhandler": "^5.0.3"
      },
      "funding": {
        "url": "https://github.com/fb55/domutils?sponsor=1"
      }
    },
    "node_modules/linkedom/node_modules/nth-check": {
      "version": "3.0.1",
      "resolved": "https://registry.npmjs.org/nth-check/-/nth-check-3.0.1.tgz",
      "integrity": "sha512-GX0gsdbGVCgnRgbeGaubfjpBXyYRWOOCVeYh08bSQvDZqxz5ndXs1OTfAt/h36G1xvI94YIspsI0sVFqAV9+RQ==",
      "license": "BSD-2-Clause",
      "dependencies": {
        "boolbase": "^2.0.0"
      },
      "engines": {
        "node": ">=20.19.0"
      },
      "funding": {
        "type": "github",
        "url": "https://github.com/fb55/nth-check?sponsor=1"
      }
    },
    "node_modules/linkedom/node_modules/uhyphen": {
      "version": "0.2.0",
      "resolved": "https://registry.npmjs.org/uhyphen/-/uhyphen-0.2.0.tgz",
      "integrity": "sha512-qz3o9CHXmJJPGBdqzab7qAYuW8kQGKNEuoHFYrBwV6hWIMcpAmxDLXojcHfFr9US1Pe6zUswEIJIbLI610fuqA==",
      "license": "ISC"
    },
    "node_modules/pi-blackhole": {
      "version": "0.5.10",
      "resolved": "https://registry.npmjs.org/pi-blackhole/-/pi-blackhole-0.5.10.tgz",
      "integrity": "sha512-bglpA0hzumUXmfMWydF67bT3unCWTrTMMlUt9/rxpRqcLfxbNhaPtqlsnBnGCpInYtISVHZq/9qanLP597h0lQ==",
      "license": "MIT",
      "peerDependencies": {
        "@earendil-works/pi-agent-core": ">=0.85.1 <1.0.0",
        "@earendil-works/pi-ai": ">=0.85.1 <1.0.0",
        "@earendil-works/pi-coding-agent": ">=0.85.1 <1.0.0",
        "@earendil-works/pi-tui": ">=0.85.1 <1.0.0"
      }
    },
    "node_modules/pi-extmgr": {
      "version": "0.3.0",
      "resolved": "https://registry.npmjs.org/pi-extmgr/-/pi-extmgr-0.3.0.tgz",
      "integrity": "sha512-5vR0qFFhIBYvfzBHfp4jAe2saMtvFF8lNP/V/23w6VbRQShC8AP/HE+qRWinZM8b1EnaBNneCYAsO7LsUJUGPg==",
      "license": "MIT",
      "engines": {
        "node": ">=22.20.0"
      },
      "peerDependencies": {
        "@earendil-works/pi-coding-agent": "*",
        "@earendil-works/pi-tui": "*"
      }
    },
    "node_modules/pi-smart-fetch": {
      "version": "0.3.17",
      "resolved": "https://registry.npmjs.org/pi-smart-fetch/-/pi-smart-fetch-0.3.17.tgz",
      "integrity": "sha512-RgU1hNF4AHdUZcRHbXQ1TfSLWheFCJixzmiTEJEm+Ug4vKxdn6Rb1BRmkZpbuzDDTnkiRJ/KXIxm7zA0NEUBIg==",
      "license": "MIT",
      "dependencies": {
        "@earendil-works/pi-tui": "^0.82.1",
        "@sinclair/typebox": "^0.34.52",
        "defuddle": "^0.19.2",
        "linkedom": "^0.18.13",
        "wreq-js": "^2.3.1"
      },
      "engines": {
        "bun": ">=1.3.0",
        "node": ">=24.18.0"
      },
      "peerDependencies": {
        "@earendil-works/pi-coding-agent": "*"
      }
    },
    "node_modules/pi-smart-web-search": {
      "version": "0.4.0",
      "resolved": "https://registry.npmjs.org/pi-smart-web-search/-/pi-smart-web-search-0.4.0.tgz",
      "integrity": "sha512-ND08rQytHq5jbacg7g1NNKn5iHsgAYUEOclzNzIQWiRaV7Z4uaXWLbLMu7WslUhrIhT1mJVn373x+GpV73LWxA==",
      "license": "MIT",
      "dependencies": {
        "defuddle": "^0.19.1",
        "linkedom": "^0.18.13",
        "wreq-js": "^2.3.1"
      },
      "engines": {
        "node": ">=20"
      },
      "peerDependencies": {
        "@earendil-works/pi-coding-agent": "*",
        "@earendil-works/pi-tui": "*",
        "pi-smart-fetch": "*",
        "typebox": "*"
      }
    },
    "node_modules/pi-tool-display": {
      "version": "0.5.0",
      "resolved": "https://registry.npmjs.org/pi-tool-display/-/pi-tool-display-0.5.0.tgz",
      "integrity": "sha512-XiDiQ+pCiiR977DZgGKrOTDhGfJO/t8mmMM46tW+9G+BWHmvEl2fxlGpdhSGcvj++m37zvCS/CQG4xKg87Lsuw==",
      "hasInstallScript": true,
      "license": "MIT",
      "engines": {
        "node": ">=20"
      },
      "peerDependencies": {
        "@earendil-works/pi-coding-agent": "^0.74.0 || ^0.75.0 || ^0.77.0 || ^0.78.0 || ^0.79.0 || ^0.80.0",
        "@earendil-works/pi-tui": "^0.74.0 || ^0.75.0 || ^0.77.0 || ^0.78.0 || ^0.79.0 || ^0.80.0"
      }
    },
    "node_modules/pi-x-ide": {
      "version": "1.20.1",
      "resolved": "https://registry.npmjs.org/pi-x-ide/-/pi-x-ide-1.20.1.tgz",
      "integrity": "sha512-2kp9kSD33pwTdt824aiMZsw4hbL+VuCPzIKSVpRalJs8WLRjRXPs9vGtwvUUp1ynwhhLZkkDRgGgqbk/kh0S+g==",
      "license": "Apache-2.0",
      "workspaces": [
        "ide-plugins/vscode"
      ],
      "dependencies": {
        "effect": "^3.22.0",
        "ws": "^8.21.0"
      },
      "engines": {
        "node": ">=26"
      },
      "peerDependencies": {
        "@earendil-works/pi-coding-agent": "*",
        "@earendil-works/pi-tui": "*"
      }
    },
    "node_modules/pi-zentui": {
      "version": "0.27.0",
      "resolved": "https://registry.npmjs.org/pi-zentui/-/pi-zentui-0.27.0.tgz",
      "integrity": "sha512-MeDD+oBYgotyEwqqC8tni1uHZ3s4bpud6j1KObAxbKi3dSCdRsKM8V2DwWulGihuT/nByupiLhaxsjQJM8+oxQ==",
      "license": "MIT",
      "peerDependencies": {
        "@earendil-works/pi-ai": ">=0.80.5",
        "@earendil-works/pi-coding-agent": ">=0.80.5",
        "@earendil-works/pi-tui": ">=0.80.5"
      }
    },
    "node_modules/wreq-js": {
      "version": "2.3.1",
      "resolved": "https://registry.npmjs.org/wreq-js/-/wreq-js-2.3.1.tgz",
      "integrity": "sha512-vaKasaKeskrDKEuuO5Q5uamEG9a6FrF5ZSicH7TCvYS4RxF7/gzaU/vYqwJzcs+uydyJPVWY1KCvfVCgp0tiGA==",
      "cpu": [
        "x64",
        "arm64"
      ],
      "license": "MIT",
      "os": [
        "darwin",
        "linux",
        "win32"
      ]
    },
    "node_modules/ws": {
      "version": "8.21.3",
      "resolved": "https://registry.npmjs.org/ws/-/ws-8.21.3.tgz",
      "integrity": "sha512-201TZ/kPWxoPr/OKWjquZR1SWKXcvxdH+e1xrx89b3YbmzLMFCLfnaG1HFIgWzJOEWZ7MvpK++odZufgYR50Rw==",
      "license": "MIT",
      "engines": {
        "node": ">=10.0.0"
      },
      "peerDependencies": {
        "bufferutil": "^4.0.1",
        "utf-8-validate": ">=5.0.2"
      },
      "peerDependenciesMeta": {
        "bufferutil": {
          "optional": true
        },
        "utf-8-validate": {
          "optional": true
        }
      }
    }
  }
}
